
Microsoft Visual Studio Solution File, Format Version 12.00
# Visual Studio 15
Project("{FAE04EC0-301F-11D3-BF4B-00C04F79EFBC}") = "KinveywithXamarin.Android", "KinveywithXamarin.Android\KinveywithXamarin.Android.csproj", "{A380AFCE-B89E-4164-826D-B28D4DD39026}"
EndProject
Project("{FAE04EC0-301F-11D3-BF4B-00C04F79EFBC}") = "KinveywithXamarin.iOS", "KinveywithXamarin.iOS\KinveywithXamarin.iOS.csproj", "{416BF094-C089-48A7-9567-98B9A0077D0A}"
EndProject
Project("{FAE04EC0-301F-11D3-BF4B-00C04F79EFBC}") = "KinveywithXamarin", "KinveywithXamarin\KinveywithXamarin.csproj", "{670B58CD-33ED-4A92-83BE-30D4BCC2B624}"
EndProject
Global
	GlobalSection(SolutionConfigurationPlatforms) = preSolution
		Debug|Any CPU = Debug|Any CPU
		Release|Any CPU = Release|Any CPU
		Debug|iPhoneSimulator = Debug|iPhoneSimulator
		Release|iPhoneSimulator = Release|iPhoneSimulator
		Debug|iPhone = Debug|iPhone
		Release|iPhone = Release|iPhone
	EndGlobalSection
	GlobalSection(ProjectConfigurationPlatforms) = postSolution
		{A380AFCE-B89E-4164-826D-B28D4DD39026}.Debug|Any CPU.ActiveCfg = Debug|Any CPU
		{A380AFCE-B89E-4164-826D-B28D4DD39026}.Debug|Any CPU.Build.0 = Debug|Any CPU
		{A380AFCE-B89E-4164-826D-B28D4DD39026}.Release|Any CPU.ActiveCfg = Release|Any CPU
		{A380AFCE-B89E-4164-826D-B28D4DD39026}.Release|Any CPU.Build.0 = Release|Any CPU
		{A380AFCE-B89E-4164-826D-B28D4DD39026}.Debug|iPhoneSimulator.ActiveCfg = Debug|Any CPU
		{A380AFCE-B89E-4164-826D-B28D4DD39026}.Debug|iPhoneSimulator.Build.0 = Debug|Any CPU
		{A380AFCE-B89E-4164-826D-B28D4DD39026}.Release|iPhoneSimulator.ActiveCfg = Release|Any CPU
		{A380AFCE-B89E-4164-826D-B28D4DD39026}.Release|iPhoneSimulator.Build.0 = Release|Any CPU
		{A380AFCE-B89E-4164-826D-B28D4DD39026}.Debug|iPhone.ActiveCfg = Debug|Any CPU
		{A380AFCE-B89E-4164-826D-B28D4DD39026}.Debug|iPhone.Build.0 = Debug|Any CPU
		{A380AFCE-B89E-4164-826D-B28D4DD39026}.Release|iPhone.ActiveCfg = Release|Any CPU
		{A380AFCE-B89E-4164-826D-B28D4DD39026}.Release|iPhone.Build.0 = Release|Any CPU
		{416BF094-C089-48A7-9567-98B9A0077D0A}.Debug|Any CPU.ActiveCfg = Debug|iPhoneSimulator
		{416BF094-C089-48A7-9567-98B9A0077D0A}.Debug|Any CPU.Build.0 = Debug|iPhoneSimulator
		{416BF094-C089-48A7-9567-98B9A0077D0A}.Release|Any CPU.ActiveCfg = Release|iPhoneSimulator
		{416BF094-C089-48A7-9567-98B9A0077D0A}.Release|Any CPU.Build.0 = Release|iPhoneSimulator
		{416BF094-C089-48A7-9567-98B9A0077D0A}.Debug|iPhoneSimulator.ActiveCfg = Debug|iPhoneSimulator
		{416BF094-C089-48A7-9567-98B9A0077D0A}.Debug|iPhoneSimulator.Build.0 = Debug|iPhoneSimulator
		{416BF094-C089-48A7-9567-98B9A0077D0A}.Release|iPhoneSimulator.ActiveCfg = Release|iPhoneSimulator
		{416BF094-C089-48A7-9567-98B9A0077D0A}.Release|iPhoneSimulator.Build.0 = Release|iPhoneSimulator
		{416BF094-C089-48A7-9567-98B9A0077D0A}.Debug|iPhone.ActiveCfg = Debug|iPhone
		{416BF094-C089-48A7-9567-98B9A0077D0A}.Debug|iPhone.Build.0 = Debug|iPhone
		{416BF094-C089-48A7-9567-98B9A0077D0A}.Release|iPhone.ActiveCfg = Release|iPhone
		{416BF094-C089-48A7-9567-98B9A0077D0A}.Release|iPhone.Build.0 = Release|iPhone
		{670B58CD-33ED-4A92-83BE-30D4BCC2B624}.Debug|Any CPU.ActiveCfg = Debug|Any CPU
		{670B58CD-33ED-4A92-83BE-30D4BCC2B624}.Debug|Any CPU.Build.0 = Debug|Any CPU
		{670B58CD-33ED-4A92-83BE-30D4BCC2B624}.Release|Any CPU.ActiveCfg = Release|Any CPU
		{670B58CD-33ED-4A92-83BE-30D4BCC2B624}.Release|Any CPU.Build.0 = Release|Any CPU
		{670B58CD-33ED-4A92-83BE-30D4BCC2B624}.Debug|iPhoneSimulator.ActiveCfg = Debug|Any CPU
		{670B58CD-33ED-4A92-83BE-30D4BCC2B624}.Debug|iPhoneSimulator.Build.0 = Debug|Any CPU
		{670B58CD-33ED-4A92-83BE-30D4BCC2B624}.Release|iPhoneSimulator.ActiveCfg = Release|Any CPU
		{670B58CD-33ED-4A92-83BE-30D4BCC2B624}.Release|iPhoneSimulator.Build.0 = Release|Any CPU
		{670B58CD-33ED-4A92-83BE-30D4BCC2B624}.Debug|iPhone.ActiveCfg = Debug|Any CPU
		{670B58CD-33ED-4A92-83BE-30D4BCC2B624}.Debug|iPhone.Build.0 = Debug|Any CPU
		{670B58CD-33ED-4A92-83BE-30D4BCC2B624}.Release|iPhone.ActiveCfg = Release|Any CPU
		{670B58CD-33ED-4A92-83BE-30D4BCC2B624}.Release|iPhone.Build.0 = Release|Any CPU
	EndGlobalSection
EndGlobal
